# THIS IS AN AUTOGENERATED FILE. DO NOT EDIT THIS FILE DIRECTLY.
# yarn lockfile v1


easyxml@2.0.1:
  version "2.0.1"
  resolved "https://registry.yarnpkg.com/easyxml/-/easyxml-2.0.1.tgz#eea092842c911300a8c781913cbe5bd38a50711c"
  dependencies:
    elementtree "^0.1.6"
    inflect "^0.3.0"

elementtree@^0.1.6:
  version "0.1.7"
  resolved "https://registry.yarnpkg.com/elementtree/-/elementtree-0.1.7.tgz#9ac91be6e52fb6e6244c4e54a4ac3ed8ae8e29c0"
  dependencies:
    sax "1.1.4"

inflect@^0.3.0:
  version "0.3.0"
  resolved "https://registry.yarnpkg.com/inflect/-/inflect-0.3.0.tgz#81d0eaaa36b50a60230b7510048b39c4142fe52a"

sax@1.1.4:
  version "1.1.4"
  resolved "https://registry.yarnpkg.com/sax/-/sax-1.1.4.tgz#74b6d33c9ae1e001510f179a91168588f1aedaa9"
